// !$*UTF8*$!
{
	archiveVersion = 1;
	classes = {
	};
	objectVersion = 56;
	objects = {

/* Begin PBXBuildFile section */
		1F53F5E82B48D2D40032CD17 /* Globe.dae in Resources */ = {isa = PBXBuildFile; fileRef = 1F53F5E72B48D2D40032CD17 /* Globe.dae */; };
		1F53F6002B48D7890032CD17 /* Ocean_Mask.png in Resources */ = {isa = PBXBuildFile; fileRef = 1F53F5F52B48D7890032CD17 /* Ocean_Mask.png */; };
		1F53F6012B48D7890032CD17 /* Clouds.png in Resources */ = {isa = PBXBuildFile; fileRef = 1F53F5F62B48D7890032CD17 /* Clouds.png */; };
		1F53F6022B48D7890032CD17 /* night_lights_modified.png in Resources */ = {isa = PBXBuildFile; fileRef = 1F53F5F72B48D7890032CD17 /* night_lights_modified.png */; };
		1F53F6032B48D7890032CD17 /* Albedo-diffuse.jpg in Resources */ = {isa = PBXBuildFile; fileRef = 1F53F5F82B48D7890032CD17 /* Albedo-diffuse.jpg */; };
		1F53F6042B48D7890032CD17 /* Bump.jpg in Resources */ = {isa = PBXBuildFile; fileRef = 1F53F5F92B48D7890032CD17 /* Bump.jpg */; };
		1F53F6102B48EC510032CD17 /* Jalnan2.otf in Resources */ = {isa = PBXBuildFile; fileRef = 1F53F60F2B48EC510032CD17 /* Jalnan2.otf */; };
		1F53F6132B48F78A0032CD17 /* MapViewController.swift in Sources */ = {isa = PBXBuildFile; fileRef = 1F53F6122B48F78A0032CD17 /* MapViewController.swift */; };
		1F53F6252B4A544B0032CD17 /* UserAddedPin.swift in Sources */ = {isa = PBXBuildFile; fileRef = 1F53F6242B4A544B0032CD17 /* UserAddedPin.swift */; };
		1F6AA20E2B4E22300041D6BE /* PinTodo.swift in Sources */ = {isa = PBXBuildFile; fileRef = 1F6AA20D2B4E22300041D6BE /* PinTodo.swift */; };
		1F6AA2102B4E23B90041D6BE /* TodoListViewController.swift in Sources */ = {isa = PBXBuildFile; fileRef = 1F6AA20F2B4E23B90041D6BE /* TodoListViewController.swift */; };
		1F6AA2122B4F92EB0041D6BE /* Colors.swift in Sources */ = {isa = PBXBuildFile; fileRef = 1F6AA2112B4F92EB0041D6BE /* Colors.swift */; };
		1FAE433B2B46FA3600CB250E /* AppDelegate.swift in Sources */ = {isa = PBXBuildFile; fileRef = 1FAE433A2B46FA3600CB250E /* AppDelegate.swift */; };
		1FAE433D2B46FA3600CB250E /* SceneDelegate.swift in Sources */ = {isa = PBXBuildFile; fileRef = 1FAE433C2B46FA3600CB250E /* SceneDelegate.swift */; };
		1FAE433F2B46FA3600CB250E /* MainViewController.swift in Sources */ = {isa = PBXBuildFile; fileRef = 1FAE433E2B46FA3600CB250E /* MainViewController.swift */; };
		1FAE43442B46FA3700CB250E /* Assets.xcassets in Resources */ = {isa = PBXBuildFile; fileRef = 1FAE43432B46FA3700CB250E /* Assets.xcassets */; };
		1FAE43472B46FA3700CB250E /* LaunchScreen.storyboard in Resources */ = {isa = PBXBuildFile; fileRef = 1FAE43452B46FA3700CB250E /* LaunchScreen.storyboard */; };
		37B84F3DBA8D5DF96C942996 /* Pods_Map_TodoList_1.framework in Frameworks */ = {isa = PBXBuildFile; fileRef = 9A5ED340B6739B5EF12FB31E /* Pods_Map_TodoList_1.framework */; };
/* End PBXBuildFile section */

/* Begin PBXFileReference section */
		1F53F5E72B48D2D40032CD17 /* Globe.dae */ = {isa = PBXFileReference; fileEncoding = 4; lastKnownFileType = text.xml.dae; name = Globe.dae; path = ../Supports/Globe.dae; sourceTree = "<group>"; };
		1F53F5F52B48D7890032CD17 /* Ocean_Mask.png */ = {isa = PBXFileReference; lastKnownFileType = image.png; path = Ocean_Mask.png; sourceTree = "<group>"; };
		1F53F5F62B48D7890032CD17 /* Clouds.png */ = {isa = PBXFileReference; lastKnownFileType = image.png; path = Clouds.png; sourceTree = "<group>"; };
		1F53F5F72B48D7890032CD17 /* night_lights_modified.png */ = {isa = PBXFileReference; lastKnownFileType = image.png; path = night_lights_modified.png; sourceTree = "<group>"; };
		1F53F5F82B48D7890032CD17 /* Albedo-diffuse.jpg */ = {isa = PBXFileReference; lastKnownFileType = image.jpeg; path = "Albedo-diffuse.jpg"; sourceTree = "<group>"; };
		1F53F5F92B48D7890032CD17 /* Bump.jpg */ = {isa = PBXFileReference; lastKnownFileType = image.jpeg; path = Bump.jpg; sourceTree = "<group>"; };
		1F53F60F2B48EC510032CD17 /* Jalnan2.otf */ = {isa = PBXFileReference; lastKnownFileType = file; name = Jalnan2.otf; path = ../../../../../Desktop/Jalnan2/Jalnan2.otf; sourceTree = "<group>"; };
		1F53F6122B48F78A0032CD17 /* MapViewController.swift */ = {isa = PBXFileReference; lastKnownFileType = sourcecode.swift; path = MapViewController.swift; sourceTree = "<group>"; };
		1F53F6242B4A544B0032CD17 /* UserAddedPin.swift */ = {isa = PBXFileReference; lastKnownFileType = sourcecode.swift; name = UserAddedPin.swift; path = "Map-TodoList-1/UserAddedPin.swift"; sourceTree = SOURCE_ROOT; };
		1F6AA20D2B4E22300041D6BE /* PinTodo.swift */ = {isa = PBXFileReference; lastKnownFileType = sourcecode.swift; path = PinTodo.swift; sourceTree = SOURCE_ROOT; };
		1F6AA20F2B4E23B90041D6BE /* TodoListViewController.swift */ = {isa = PBXFileReference; lastKnownFileType = sourcecode.swift; path = TodoListViewController.swift; sourceTree = "<group>"; };
		1F6AA2112B4F92EB0041D6BE /* Colors.swift */ = {isa = PBXFileReference; lastKnownFileType = sourcecode.swift; path = Colors.swift; sourceTree = "<group>"; };
		1FAE43372B46FA3600CB250E /* Map-TodoList-1.app */ = {isa = PBXFileReference; explicitFileType = wrapper.application; includeInIndex = 0; path = "Map-TodoList-1.app"; sourceTree = BUILT_PRODUCTS_DIR; };
		1FAE433A2B46FA3600CB250E /* AppDelegate.swift */ = {isa = PBXFileReference; lastKnownFileType = sourcecode.swift; path = AppDelegate.swift; sourceTree = "<group>"; };
		1FAE433C2B46FA3600CB250E /* SceneDelegate.swift */ = {isa = PBXFileReference; lastKnownFileType = sourcecode.swift; path = SceneDelegate.swift; sourceTree = "<group>"; };
		1FAE433E2B46FA3600CB250E /* MainViewController.swift */ = {isa = PBXFileReference; lastKnownFileType = sourcecode.swift; path = MainViewController.swift; sourceTree = "<group>"; };
		1FAE43432B46FA3700CB250E /* Assets.xcassets */ = {isa = PBXFileReference; lastKnownFileType = folder.assetcatalog; path = Assets.xcassets; sourceTree = "<group>"; };
		1FAE43462B46FA3700CB250E /* Base */ = {isa = PBXFileReference; lastKnownFileType = file.storyboard; name = Base; path = Base.lproj/LaunchScreen.storyboard; sourceTree = "<group>"; };
		1FAE43482B46FA3700CB250E /* Info.plist */ = {isa = PBXFileReference; lastKnownFileType = text.plist.xml; path = Info.plist; sourceTree = "<group>"; };
		1FAE43502B4705D300CB250E /* WhirlyGlobe.framework */ = {isa = PBXFileReference; explicitFileType = wrapper.framework; path = WhirlyGlobe.framework; sourceTree = BUILT_PRODUCTS_DIR; };
		99454217C7697BFF3449AF0D /* Pods-Map-TodoList-1.debug.xcconfig */ = {isa = PBXFileReference; includeInIndex = 1; lastKnownFileType = text.xcconfig; name = "Pods-Map-TodoList-1.debug.xcconfig"; path = "Target Support Files/Pods-Map-TodoList-1/Pods-Map-TodoList-1.debug.xcconfig"; sourceTree = "<group>"; };
		9A5ED340B6739B5EF12FB31E /* Pods_Map_TodoList_1.framework */ = {isa = PBXFileReference; explicitFileType = wrapper.framework; includeInIndex = 0; path = Pods_Map_TodoList_1.framework; sourceTree = BUILT_PRODUCTS_DIR; };
		AE690643E814AC179AAA2975 /* Pods-Map-TodoList-1.release.xcconfig */ = {isa = PBXFileReference; includeInIndex = 1; lastKnownFileType = text.xcconfig; name = "Pods-Map-TodoList-1.release.xcconfig"; path = "Target Support Files/Pods-Map-TodoList-1/Pods-Map-TodoList-1.release.xcconfig"; sourceTree = "<group>"; };
/* End PBXFileReference section */

/* Begin PBXFrameworksBuildPhase section */
		1FAE43342B46FA3600CB250E /* Frameworks */ = {
			isa = PBXFrameworksBuildPhase;
			buildActionMask = 2147483647;
			files = (
				37B84F3DBA8D5DF96C942996 /* Pods_Map_TodoList_1.framework in Frameworks */,
			);
			runOnlyForDeploymentPostprocessing = 0;
		};
/* End PBXFrameworksBuildPhase section */

/* Begin PBXGroup section */
		1F53F5F32B48D7890032CD17 /* Texture */ = {
			isa = PBXGroup;
			children = (
				1F53F5F42B48D7890032CD17 /* High res */,
			);
			path = Texture;
			sourceTree = "<group>";
		};
		1F53F5F42B48D7890032CD17 /* High res */ = {
			isa = PBXGroup;
			children = (
				1F53F5F52B48D7890032CD17 /* Ocean_Mask.png */,
				1F53F5F62B48D7890032CD17 /* Clouds.png */,
				1F53F5F72B48D7890032CD17 /* night_lights_modified.png */,
				1F53F5F82B48D7890032CD17 /* Albedo-diffuse.jpg */,
				1F53F5F92B48D7890032CD17 /* Bump.jpg */,
			);
			path = "High res";
			sourceTree = "<group>";
		};
		1F53F60D2B48EC030032CD17 /* Font */ = {
			isa = PBXGroup;
			children = (
				1F53F60F2B48EC510032CD17 /* Jalnan2.otf */,
			);
			path = Font;
			sourceTree = "<group>";
		};
		1F53F6162B48FD420032CD17 /* Model */ = {
			isa = PBXGroup;
			children = (
				1F6AA20D2B4E22300041D6BE /* PinTodo.swift */,
				1F53F6242B4A544B0032CD17 /* UserAddedPin.swift */,
			);
			path = Model;
			sourceTree = "<group>";
		};
		1FA3A958341EAC0D809C9769 /* Frameworks */ = {
			isa = PBXGroup;
			children = (
				1FAE43502B4705D300CB250E /* WhirlyGlobe.framework */,
				9A5ED340B6739B5EF12FB31E /* Pods_Map_TodoList_1.framework */,
			);
			name = Frameworks;
			sourceTree = "<group>";
		};
		1FAE432E2B46FA3600CB250E = {
			isa = PBXGroup;
			children = (
				1FAE43392B46FA3600CB250E /* Map-TodoList-1 */,
				1FAE434F2B46FC2000CB250E /* Supports */,
				1FAE43382B46FA3600CB250E /* Products */,
				3AAE56426164A720788A2C80 /* Pods */,
				1FA3A958341EAC0D809C9769 /* Frameworks */,
			);
			sourceTree = "<group>";
		};
		1FAE43382B46FA3600CB250E /* Products */ = {
			isa = PBXGroup;
			children = (
				1FAE43372B46FA3600CB250E /* Map-TodoList-1.app */,
			);
			name = Products;
			sourceTree = "<group>";
		};
		1FAE43392B46FA3600CB250E /* Map-TodoList-1 */ = {
			isa = PBXGroup;
			children = (
				1F53F6162B48FD420032CD17 /* Model */,
				1FAE43582B478E5400CB250E /* View */,
				1FAE434E2B46FC1500CB250E /* Controller */,
				1F53F5E72B48D2D40032CD17 /* Globe.dae */,
				1FAE43452B46FA3700CB250E /* LaunchScreen.storyboard */,
				1FAE43482B46FA3700CB250E /* Info.plist */,
			);
			path = "Map-TodoList-1";
			sourceTree = "<group>";
		};
		1FAE434E2B46FC1500CB250E /* Controller */ = {
			isa = PBXGroup;
			children = (
				1FAE433E2B46FA3600CB250E /* MainViewController.swift */,
				1F53F6122B48F78A0032CD17 /* MapViewController.swift */,
				1F6AA20F2B4E23B90041D6BE /* TodoListViewController.swift */,
				1FAE43432B46FA3700CB250E /* Assets.xcassets */,
			);
			path = Controller;
			sourceTree = "<group>";
		};
		1FAE434F2B46FC2000CB250E /* Supports */ = {
			isa = PBXGroup;
			children = (
				1F53F60D2B48EC030032CD17 /* Font */,
				1F53F5F32B48D7890032CD17 /* Texture */,
				1FAE433A2B46FA3600CB250E /* AppDelegate.swift */,
				1FAE433C2B46FA3600CB250E /* SceneDelegate.swift */,
				1F6AA2112B4F92EB0041D6BE /* Colors.swift */,
			);
			path = Supports;
			sourceTree = "<group>";
		};
		1FAE43582B478E5400CB250E /* View */ = {
			isa = PBXGroup;
			children = (
			);
			name = View;
			sourceTree = "<group>";
		};
		3AAE56426164A720788A2C80 /* Pods */ = {
			isa = PBXGroup;
			children = (
				99454217C7697BFF3449AF0D /* Pods-Map-TodoList-1.debug.xcconfig */,
				AE690643E814AC179AAA2975 /* Pods-Map-TodoList-1.release.xcconfig */,
			);
			path = Pods;
			sourceTree = "<group>";
		};
/* End PBXGroup section */

/* Begin PBXNativeTarget section */
		1FAE43362B46FA3600CB250E /* Map-TodoList-1 */ = {
			isa = PBXNativeTarget;
			buildConfigurationList = 1FAE434B2B46FA3700CB250E /* Build configuration list for PBXNativeTarget "Map-TodoList-1" */;
			buildPhases = (
				8F5237942CF1682899C3570D /* [CP] Check Pods Manifest.lock */,
				1FAE43332B46FA3600CB250E /* Sources */,
				1FAE43342B46FA3600CB250E /* Frameworks */,
				1FAE43352B46FA3600CB250E /* Resources */,
				A554C88BAED6AC70419143E1 /* [CP] Embed Pods Frameworks */,
			);
			buildRules = (
			);
			dependencies = (
			);
			name = "Map-TodoList-1";
			productName = "Map-TodoList-1";
			productReference = 1FAE43372B46FA3600CB250E /* Map-TodoList-1.app */;
			productType = "com.apple.product-type.application";
		};
/* End PBXNativeTarget section */

/* Begin PBXProject section */
		1FAE432F2B46FA3600CB250E /* Project object */ = {
			isa = PBXProject;
			attributes = {
				BuildIndependentTargetsInParallel = 1;
				LastSwiftUpdateCheck = 1510;
				LastUpgradeCheck = 1510;
				TargetAttributes = {
					1FAE43362B46FA3600CB250E = {
						CreatedOnToolsVersion = 15.1;
					};
				};
			};
			buildConfigurationList = 1FAE43322B46FA3600CB250E /* Build configuration list for PBXProject "Map-TodoList-1" */;
			compatibilityVersion = "Xcode 14.0";
			developmentRegion = en;
			hasScannedForEncodings = 0;
			knownRegions = (
				en,
				Base,
			);
			mainGroup = 1FAE432E2B46FA3600CB250E;
			productRefGroup = 1FAE43382B46FA3600CB250E /* Products */;
			projectDirPath = "";
			projectRoot = "";
			targets = (
				1FAE43362B46FA3600CB250E /* Map-TodoList-1 */,
			);
		};
/* End PBXProject section */

/* Begin PBXResourcesBuildPhase section */
		1FAE43352B46FA3600CB250E /* Resources */ = {
			isa = PBXResourcesBuildPhase;
			buildActionMask = 2147483647;
			files = (
				1F53F6102B48EC510032CD17 /* Jalnan2.otf in Resources */,
				1F53F6032B48D7890032CD17 /* Albedo-diffuse.jpg in Resources */,
				1FAE43472B46FA3700CB250E /* LaunchScreen.storyboard in Resources */,
				1F53F5E82B48D2D40032CD17 /* Globe.dae in Resources */,
				1F53F6042B48D7890032CD17 /* Bump.jpg in Resources */,
				1F53F6012B48D7890032CD17 /* Clouds.png in Resources */,
				1F53F6002B48D7890032CD17 /* Ocean_Mask.png in Resources */,
				1F53F6022B48D7890032CD17 /* night_lights_modified.png in Resources */,
				1FAE43442B46FA3700CB250E /* Assets.xcassets in Resources */,
			);
			runOnlyForDeploymentPostprocessing = 0;
		};
/* End PBXResourcesBuildPhase section */

/* Begin PBXShellScriptBuildPhase section */
		8F5237942CF1682899C3570D /* [CP] Check Pods Manifest.lock */ = {
			isa = PBXShellScriptBuildPhase;
			buildActionMask = 2147483647;
			files = (
			);
			inputFileListPaths = (
			);
			inputPaths = (
				"${PODS_PODFILE_DIR_PATH}/Podfile.lock",
				"${PODS_ROOT}/Manifest.lock",
			);
			name = "[CP] Check Pods Manifest.lock";
			outputFileListPaths = (
			);
			outputPaths = (
				"$(DERIVED_FILE_DIR)/Pods-Map-TodoList-1-checkManifestLockResult.txt",
			);
			runOnlyForDeploymentPostprocessing = 0;
			shellPath = /bin/sh;
			shellScript = "diff \"${PODS_PODFILE_DIR_PATH}/Podfile.lock\" \"${PODS_ROOT}/Manifest.lock\" > /dev/null\nif [ $? != 0 ] ; then\n    # print error to STDERR\n    echo \"error: The sandbox is not in sync with the Podfile.lock. Run 'pod install' or update your CocoaPods installation.\" >&2\n    exit 1\nfi\n# This output is used by Xcode 'outputs' to avoid re-running this script phase.\necho \"SUCCESS\" > \"${SCRIPT_OUTPUT_FILE_0}\"\n";
			showEnvVarsInLog = 0;
		};
		A554C88BAED6AC70419143E1 /* [CP] Embed Pods Frameworks */ = {
			isa = PBXShellScriptBuildPhase;
			buildActionMask = 2147483647;
			files = (
			);
			inputFileListPaths = (
				"${PODS_ROOT}/Target Support Files/Pods-Map-TodoList-1/Pods-Map-TodoList-1-frameworks-${CONFIGURATION}-input-files.xcfilelist",
			);
			name = "[CP] Embed Pods Frameworks";
			outputFileListPaths = (
				"${PODS_ROOT}/Target Support Files/Pods-Map-TodoList-1/Pods-Map-TodoList-1-frameworks-${CONFIGURATION}-output-files.xcfilelist",
			);
			runOnlyForDeploymentPostprocessing = 0;
			shellPath = /bin/sh;
			shellScript = "\"${PODS_ROOT}/Target Support Files/Pods-Map-TodoList-1/Pods-Map-TodoList-1-frameworks.sh\"\n";
			showEnvVarsInLog = 0;
		};
/* End PBXShellScriptBuildPhase section */

/* Begin PBXSourcesBuildPhase section */
		1FAE43332B46FA3600CB250E /* Sources */ = {
			isa = PBXSourcesBuildPhase;
			buildActionMask = 2147483647;
			files = (
				1F6AA2102B4E23B90041D6BE /* TodoListViewController.swift in Sources */,
				1F6AA2122B4F92EB0041D6BE /* Colors.swift in Sources */,
				1FAE433F2B46FA3600CB250E /* MainViewController.swift in Sources */,
				1FAE433B2B46FA3600CB250E /* AppDelegate.swift in Sources */,
				1F53F6252B4A544B0032CD17 /* UserAddedPin.swift in Sources */,
				1FAE433D2B46FA3600CB250E /* SceneDelegate.swift in Sources */,
				1F6AA20E2B4E22300041D6BE /* PinTodo.swift in Sources */,
				1F53F6132B48F78A0032CD17 /* MapViewController.swift in Sources */,
			);
			runOnlyForDeploymentPostprocessing = 0;
		};
/* End PBXSourcesBuildPhase section */

/* Begin PBXVariantGroup section */
		1FAE43452B46FA3700CB250E /* LaunchScreen.storyboard */ = {
			isa = PBXVariantGroup;
			children = (
				1FAE43462B46FA3700CB250E /* Base */,
			);
			name = LaunchScreen.storyboard;
			sourceTree = "<group>";
		};
/* End PBXVariantGroup section */

/* Begin XCBuildConfiguration section */
		1FAE43492B46FA3700CB250E /* Debug */ = {
			isa = XCBuildConfiguration;
			buildSettings = {
				ALWAYS_SEARCH_USER_PATHS = NO;
				ASSETCATALOG_COMPILER_GENERATE_SWIFT_ASSET_SYMBOL_EXTENSIONS = YES;
				CLANG_ANALYZER_NONNULL = YES;
				CLANG_ANALYZER_NUMBER_OBJECT_CONVERSION = YES_AGGRESSIVE;
				CLANG_CXX_LANGUAGE_STANDARD = "gnu++20";
				CLANG_ENABLE_MODULES = YES;
				CLANG_ENABLE_OBJC_ARC = YES;
				CLANG_ENABLE_OBJC_WEAK = YES;
				CLANG_WARN_BLOCK_CAPTURE_AUTORELEASING = YES;
				CLANG_WARN_BOOL_CONVERSION = YES;
				CLANG_WARN_COMMA = YES;
				CLANG_WARN_CONSTANT_CONVERSION = YES;
				CLANG_WARN_DEPRECATED_OBJC_IMPLEMENTATIONS = YES;
				CLANG_WARN_DIRECT_OBJC_ISA_USAGE = YES_ERROR;
				CLANG_WARN_DOCUMENTATION_COMMENTS = YES;
				CLANG_WARN_EMPTY_BODY = YES;
				CLANG_WARN_ENUM_CONVERSION = YES;
				CLANG_WARN_INFINITE_RECURSION = YES;
				CLANG_WARN_INT_CONVERSION = YES;
				CLANG_WARN_NON_LITERAL_NULL_CONVERSION = YES;
				CLANG_WARN_OBJC_IMPLICIT_RETAIN_SELF = YES;
				CLANG_WARN_OBJC_LITERAL_CONVERSION = YES;
				CLANG_WARN_OBJC_ROOT_CLASS = YES_ERROR;
				CLANG_WARN_QUOTED_INCLUDE_IN_FRAMEWORK_HEADER = YES;
				CLANG_WARN_RANGE_LOOP_ANALYSIS = YES;
				CLANG_WARN_STRICT_PROTOTYPES = YES;
				CLANG_WARN_SUSPICIOUS_MOVE = YES;
				CLANG_WARN_UNGUARDED_AVAILABILITY = YES_AGGRESSIVE;
				CLANG_WARN_UNREACHABLE_CODE = YES;
				CLANG_WARN__DUPLICATE_METHOD_MATCH = YES;
				COPY_PHASE_STRIP = NO;
				DEBUG_INFORMATION_FORMAT = dwarf;
				ENABLE_STRICT_OBJC_MSGSEND = YES;
				ENABLE_TESTABILITY = YES;
				ENABLE_USER_SCRIPT_SANDBOXING = YES;
				GCC_C_LANGUAGE_STANDARD = gnu17;
				GCC_DYNAMIC_NO_PIC = NO;
				GCC_NO_COMMON_BLOCKS = YES;
				GCC_OPTIMIZATION_LEVEL = 0;
				GCC_PREPROCESSOR_DEFINITIONS = (
					"DEBUG=1",
					"$(inherited)",
				);
				GCC_WARN_64_TO_32_BIT_CONVERSION = YES;
				GCC_WARN_ABOUT_RETURN_TYPE = YES_ERROR;
				GCC_WARN_UNDECLARED_SELECTOR = YES;
				GCC_WARN_UNINITIALIZED_AUTOS = YES_AGGRESSIVE;
				GCC_WARN_UNUSED_FUNCTION = YES;
				GCC_WARN_UNUSED_VARIABLE = YES;
				IPHONEOS_DEPLOYMENT_TARGET = 17.2;
				LOCALIZATION_PREFERS_STRING_CATALOGS = YES;
				MTL_ENABLE_DEBUG_INFO = INCLUDE_SOURCE;
				MTL_FAST_MATH = YES;
				ONLY_ACTIVE_ARCH = YES;
				SDKROOT = iphoneos;
				SWIFT_ACTIVE_COMPILATION_CONDITIONS = "DEBUG $(inherited)";
				SWIFT_OPTIMIZATION_LEVEL = "-Onone";
			};
			name = Debug;
		};
		1FAE434A2B46FA3700CB250E /* Release */ = {
			isa = XCBuildConfiguration;
			buildSettings = {
				ALWAYS_SEARCH_USER_PATHS = NO;
				ASSETCATALOG_COMPILER_GENERATE_SWIFT_ASSET_SYMBOL_EXTENSIONS = YES;
				CLANG_ANALYZER_NONNULL = YES;
				CLANG_ANALYZER_NUMBER_OBJECT_CONVERSION = YES_AGGRESSIVE;
				CLANG_CXX_LANGUAGE_STANDARD = "gnu++20";
				CLANG_ENABLE_MODULES = YES;
				CLANG_ENABLE_OBJC_ARC = YES;
				CLANG_ENABLE_OBJC_WEAK = YES;
				CLANG_WARN_BLOCK_CAPTURE_AUTORELEASING = YES;
				CLANG_WARN_BOOL_CONVERSION = YES;
				CLANG_WARN_COMMA = YES;
				CLANG_WARN_CONSTANT_CONVERSION = YES;
				CLANG_WARN_DEPRECATED_OBJC_IMPLEMENTATIONS = YES;
				CLANG_WARN_DIRECT_OBJC_ISA_USAGE = YES_ERROR;
				CLANG_WARN_DOCUMENTATION_COMMENTS = YES;
				CLANG_WARN_EMPTY_BODY = YES;
				CLANG_WARN_ENUM_CONVERSION = YES;
				CLANG_WARN_INFINITE_RECURSION = YES;
				CLANG_WARN_INT_CONVERSION = YES;
				CLANG_WARN_NON_LITERAL_NULL_CONVERSION = YES;
				CLANG_WARN_OBJC_IMPLICIT_RETAIN_SELF = YES;
				CLANG_WARN_OBJC_LITERAL_CONVERSION = YES;
				CLANG_WARN_OBJC_ROOT_CLASS = YES_ERROR;
				CLANG_WARN_QUOTED_INCLUDE_IN_FRAMEWORK_HEADER = YES;
				CLANG_WARN_RANGE_LOOP_ANALYSIS = YES;
				CLANG_WARN_STRICT_PROTOTYPES = YES;
				CLANG_WARN_SUSPICIOUS_MOVE = YES;
				CLANG_WARN_UNGUARDED_AVAILABILITY = YES_AGGRESSIVE;
				CLANG_WARN_UNREACHABLE_CODE = YES;
				CLANG_WARN__DUPLICATE_METHOD_MATCH = YES;
				COPY_PHASE_STRIP = NO;
				DEBUG_INFORMATION_FORMAT = "dwarf-with-dsym";
				ENABLE_NS_ASSERTIONS = NO;
				ENABLE_STRICT_OBJC_MSGSEND = YES;
				ENABLE_USER_SCRIPT_SANDBOXING = YES;
				GCC_C_LANGUAGE_STANDARD = gnu17;
				GCC_NO_COMMON_BLOCKS = YES;
				GCC_WARN_64_TO_32_BIT_CONVERSION = YES;
				GCC_WARN_ABOUT_RETURN_TYPE = YES_ERROR;
				GCC_WARN_UNDECLARED_SELECTOR = YES;
				GCC_WARN_UNINITIALIZED_AUTOS = YES_AGGRESSIVE;
				GCC_WARN_UNUSED_FUNCTION = YES;
				GCC_WARN_UNUSED_VARIABLE = YES;
				IPHONEOS_DEPLOYMENT_TARGET = 17.2;
				LOCALIZATION_PREFERS_STRING_CATALOGS = YES;
				MTL_ENABLE_DEBUG_INFO = NO;
				MTL_FAST_MATH = YES;
				SDKROOT = iphoneos;
				SWIFT_COMPILATION_MODE = wholemodule;
				VALIDATE_PRODUCT = YES;
			};
			name = Release;
		};
		1FAE434C2B46FA3700CB250E /* Debug */ = {
			isa = XCBuildConfiguration;
			baseConfigurationReference = 99454217C7697BFF3449AF0D /* Pods-Map-TodoList-1.debug.xcconfig */;
			buildSettings = {
				ASSETCATALOG_COMPILER_APPICON_NAME = AppIcon;
				ASSETCATALOG_COMPILER_GLOBAL_ACCENT_COLOR_NAME = AccentColor;
				CODE_SIGN_STYLE = Automatic;
				CURRENT_PROJECT_VERSION = 1;
				ENABLE_USER_SCRIPT_SANDBOXING = NO;
				GENERATE_INFOPLIST_FILE = YES;
				HEADER_SEARCH_PATHS = (
					"$(inherited)",
					"\"${PODS_CONFIGURATION_BUILD_DIR}/FMDB/FMDB.framework/Headers\"",
					"\"${PODS_CONFIGURATION_BUILD_DIR}/KissXML/KissXML.framework/Headers\"",
					"\"${PODS_CONFIGURATION_BUILD_DIR}/SMCalloutView/SMCalloutView.framework/Headers\"",
					"\"${PODS_CONFIGURATION_BUILD_DIR}/SnapKit/SnapKit.framework/Headers\"",
					"\"${PODS_CONFIGURATION_BUILD_DIR}/WhirlyGlobe/WhirlyGlobe.framework/Headers\"",
					"\"${PODS_CONFIGURATION_BUILD_DIR}/libjson/libjson.framework/Headers\"",
					"\"${PODS_CONFIGURATION_BUILD_DIR}/proj4/proj4.framework/Headers\"",
					"$(SDKROOT)/usr/include/libxml2",
					"\"$(SDKROOT)/usr/include/libxml2\"",
					"\"$(PODS_ROOT)/KissXML/KissXML/\"",
					"\"$(PODS_ROOT)/WhirlyGlobe/common/local_libs/eigen/\"",
					"\"${PODS_ROOT}/WhirlyGlobe/common/local_libs/nanopb/\"",
					"\"${PODS_ROOT}/WhirlyGlobe/common/local_libs/clipper\"",
					"\"${PODS_ROOT}/WhirlyGlobe/common/local_libs/lodepng\"",
					"\"${PODS_ROOT}/WhirlyGlobe/common/local_libs/glues/include/\"",
					"\"$(PODS_ROOT)/WhirlyGlobe/common/local_libs/GeographicLib/include/\"",
					"\"$(PODS_ROOT)/WhirlyGlobe/ios/library/WhirlyGlobe-MaplyComponent/include/private/\"",
					"\"$(PODS_ROOT)/WhirlyGlobe/ios/library/WhirlyGlobe-MaplyComponent/include/\"",
					"\"$(PODS_ROOT)/WhirlyGlobe/ios/library/WhirlyGlobe-MaplyComponent/include/vector_tiles/\"",
				);
				INFOPLIST_FILE = "Map-TodoList-1/Info.plist";
				INFOPLIST_KEY_UIApplicationSupportsIndirectInputEvents = YES;
				INFOPLIST_KEY_UILaunchStoryboardName = LaunchScreen;
				INFOPLIST_KEY_UISupportedInterfaceOrientations_iPad = "UIInterfaceOrientationPortrait UIInterfaceOrientationPortraitUpsideDown UIInterfaceOrientationLandscapeLeft UIInterfaceOrientationLandscapeRight";
				INFOPLIST_KEY_UISupportedInterfaceOrientations_iPhone = "UIInterfaceOrientationPortrait UIInterfaceOrientationLandscapeLeft UIInterfaceOrientationLandscapeRight";
				IPHONEOS_DEPLOYMENT_TARGET = 17.2;
				LD_RUNPATH_SEARCH_PATHS = (
					"$(inherited)",
					"@executable_path/Frameworks",
				);
				MARKETING_VERSION = 1.0;
				PRODUCT_BUNDLE_IDENTIFIER = "com.joo.Map-TodoList-1";
				PRODUCT_NAME = "$(TARGET_NAME)";
				SWIFT_EMIT_LOC_STRINGS = YES;
				SWIFT_OBJC_BRIDGING_HEADER = "";
				SWIFT_VERSION = 5.0;
				TARGETED_DEVICE_FAMILY = "1,2";
			};
			name = Debug;
		};
		1FAE434D2B46FA3700CB250E /* Release */ = {
			isa = XCBuildConfiguration;
			baseConfigurationReference = AE690643E814AC179AAA2975 /* Pods-Map-TodoList-1.release.xcconfig */;
			buildSettings = {
				ASSETCATALOG_COMPILER_APPICON_NAME = AppIcon;
				ASSETCATALOG_COMPILER_GLOBAL_ACCENT_COLOR_NAME = AccentColor;
				CODE_SIGN_STYLE = Automatic;
				CURRENT_PROJECT_VERSION = 1;
				ENABLE_USER_SCRIPT_SANDBOXING = NO;
				GENERATE_INFOPLIST_FILE = YES;
				HEADER_SEARCH_PATHS = (
					"$(inherited)",
					"\"${PODS_CONFIGURATION_BUILD_DIR}/FMDB/FMDB.framework/Headers\"",
					"\"${PODS_CONFIGURATION_BUILD_DIR}/KissXML/KissXML.framework/Headers\"",
					"\"${PODS_CONFIGURATION_BUILD_DIR}/SMCalloutView/SMCalloutView.framework/Headers\"",
					"\"${PODS_CONFIGURATION_BUILD_DIR}/SnapKit/SnapKit.framework/Headers\"",
					"\"${PODS_CONFIGURATION_BUILD_DIR}/WhirlyGlobe/WhirlyGlobe.framework/Headers\"",
					"\"${PODS_CONFIGURATION_BUILD_DIR}/libjson/libjson.framework/Headers\"",
					"\"${PODS_CONFIGURATION_BUILD_DIR}/proj4/proj4.framework/Headers\"",
					"$(SDKROOT)/usr/include/libxml2",
					"\"$(SDKROOT)/usr/include/libxml2\"",
					"\"$(PODS_ROOT)/KissXML/KissXML/\"",
					"\"$(PODS_ROOT)/WhirlyGlobe/common/local_libs/eigen/\"",
					"\"${PODS_ROOT}/WhirlyGlobe/common/local_libs/nanopb/\"",
					"\"${PODS_ROOT}/WhirlyGlobe/common/local_libs/clipper\"",
					"\"${PODS_ROOT}/WhirlyGlobe/common/local_libs/lodepng\"",
					"\"${PODS_ROOT}/WhirlyGlobe/common/local_libs/glues/include/\"",
					"\"$(PODS_ROOT)/WhirlyGlobe/common/local_libs/GeographicLib/include/\"",
					"\"$(PODS_ROOT)/WhirlyGlobe/ios/library/WhirlyGlobe-MaplyComponent/include/private/\"",
					"\"$(PODS_ROOT)/WhirlyGlobe/ios/library/WhirlyGlobe-MaplyComponent/include/\"",
					"\"$(PODS_ROOT)/WhirlyGlobe/ios/library/WhirlyGlobe-MaplyComponent/include/vector_tiles/\"",
				);
				INFOPLIST_FILE = "Map-TodoList-1/Info.plist";
				INFOPLIST_KEY_UIApplicationSupportsIndirectInputEvents = YES;
				INFOPLIST_KEY_UILaunchStoryboardName = LaunchScreen;
				INFOPLIST_KEY_UISupportedInterfaceOrientations_iPad = "UIInterfaceOrientationPortrait UIInterfaceOrientationPortraitUpsideDown UIInterfaceOrientationLandscapeLeft UIInterfaceOrientationLandscapeRight";
				INFOPLIST_KEY_UISupportedInterfaceOrientations_iPhone = "UIInterfaceOrientationPortrait UIInterfaceOrientationLandscapeLeft UIInterfaceOrientationLandscapeRight";
				IPHONEOS_DEPLOYMENT_TARGET = 17.2;
				LD_RUNPATH_SEARCH_PATHS = (
					"$(inherited)",
					"@executable_path/Frameworks",
				);
				MARKETING_VERSION = 1.0;
				PRODUCT_BUNDLE_IDENTIFIER = "com.joo.Map-TodoList-1";
				PRODUCT_NAME = "$(TARGET_NAME)";
				SWIFT_EMIT_LOC_STRINGS = YES;
				SWIFT_OBJC_BRIDGING_HEADER = "";
				SWIFT_VERSION = 5.0;
				TARGETED_DEVICE_FAMILY = "1,2";
			};
			name = Release;
		};
/* End XCBuildConfiguration section */

/* Begin XCConfigurationList section */
		1FAE43322B46FA3600CB250E /* Build configuration list for PBXProject "Map-TodoList-1" */ = {
			isa = XCConfigurationList;
			buildConfigurations = (
				1FAE43492B46FA3700CB250E /* Debug */,
				1FAE434A2B46FA3700CB250E /* Release */,
			);
			defaultConfigurationIsVisible = 0;
			defaultConfigurationName = Release;
		};
		1FAE434B2B46FA3700CB250E /* Build configuration list for PBXNativeTarget "Map-TodoList-1" */ = {
			isa = XCConfigurationList;
			buildConfigurations = (
				1FAE434C2B46FA3700CB250E /* Debug */,
				1FAE434D2B46FA3700CB250E /* Release */,
			);
			defaultConfigurationIsVisible = 0;
			defaultConfigurationName = Release;
		};
/* End XCConfigurationList section */
	};
	rootObject = 1FAE432F2B46FA3600CB250E /* Project object */;
}
